
Microsoft Visual Studio Solution File, Format Version 12.00
# Visual Studio Version 17
VisualStudioVersion = 17.14.36221.1 d17.14
MinimumVisualStudioVersion = 10.0.40219.1
Project("{FAE04EC0-301F-11D3-BF4B-00C04F79EFBC}") = "Rodriguez Valeria_API", "Rodriguez Valeria_API\Rodriguez Valeria_API.csproj", "{D52FF4EB-48A0-43B7-A8FA-198076837E5B}"
EndProject
Global
	GlobalSection(SolutionConfigurationPlatforms) = preSolution
		Debug|Any CPU = Debug|Any CPU
		Release|Any CPU = Release|Any CPU
	EndGlobalSection
	GlobalSection(ProjectConfigurationPlatforms) = postSolution
		{D52FF4EB-48A0-43B7-A8FA-198076837E5B}.Debug|Any CPU.ActiveCfg = Debug|Any CPU
		{D52FF4EB-48A0-43B7-A8FA-198076837E5B}.Debug|Any CPU.Build.0 = Debug|Any CPU
		{D52FF4EB-48A0-43B7-A8FA-198076837E5B}.Release|Any CPU.ActiveCfg = Release|Any CPU
		{D52FF4EB-48A0-43B7-A8FA-198076837E5B}.Release|Any CPU.Build.0 = Release|Any CPU
	EndGlobalSection
	GlobalSection(SolutionProperties) = preSolution
		HideSolutionNode = FALSE
	EndGlobalSection
	GlobalSection(ExtensibilityGlobals) = postSolution
		SolutionGuid = {22BFFC28-08BB-4DDD-A613-3B86EFEC7B70}
	EndGlobalSection
EndGlobal
